
Microsoft Visual Studio Solution File, Format Version 12.00
# Visual Studio Version 16
VisualStudioVersion = 16.0.30907.101
MinimumVisualStudioVersion = 10.0.40219.1
Project("{9A19103F-16F7-4668-BE54-9A1E7A4F7556}") = "FileConverter", "FileConverter.csproj", "{CCA4B098-B2E4-4C85-9854-FD2D64DFF3F7}"
EndProject
Global
	GlobalSection(SolutionConfigurationPlatforms) = preSolution
		Debug|Any CPU = Debug|Any CPU
		Release|Any CPU = Release|Any CPU
	EndGlobalSection
	GlobalSection(ProjectConfigurationPlatforms) = postSolution
		{CCA4B098-B2E4-4C85-9854-FD2D64DFF3F7}.Debug|Any CPU.ActiveCfg = Debug|Any CPU
		{CCA4B098-B2E4-4C85-9854-FD2D64DFF3F7}.Debug|Any CPU.Build.0 = Debug|Any CPU
		{CCA4B098-B2E4-4C85-9854-FD2D64DFF3F7}.Release|Any CPU.ActiveCfg = Release|Any CPU
		{CCA4B098-B2E4-4C85-9854-FD2D64DFF3F7}.Release|Any CPU.Build.0 = Release|Any CPU
	EndGlobalSection
	GlobalSection(SolutionProperties) = preSolution
		HideSolutionNode = FALSE
	EndGlobalSection
	GlobalSection(ExtensibilityGlobals) = postSolution
		SolutionGuid = {1AEEBE81-E2F6-440C-982E-7EEEE33B0D20}
	EndGlobalSection
EndGlobal
